
Microsoft Visual Studio Solution File, Format Version 12.00
# Visual Studio 15
VisualStudioVersion = 15.0.26430.14
MinimumVisualStudioVersion = 10.0.40219.1
Project("{FAE04EC0-301F-11D3-BF4B-00C04F79EFBC}") = "DigitalParadox.HandlebarsCli", "src\DigitalParadox.HandlebarsCli\DigitalParadox.HandlebarsCli.csproj", "{C51224A7-5529-4276-A154-BA088D0E8ABD}"
EndProject
Project("{FAE04EC0-301F-11D3-BF4B-00C04F79EFBC}") = "DigitalParadox.HandlebarsCli.Plugins", "src\DigitalParadox.HandlebarsCli.Plugins\DigitalParadox.HandlebarsCli.Plugins.csproj", "{14903B7E-0817-4FCF-9F98-A69425D95A35}"
EndProject
Project("{FAE04EC0-301F-11D3-BF4B-00C04F79EFBC}") = "DigitalParadox.HandlebarsCli.Tests", "src\DigitalParadox.HandlebarsCli.Tests\DigitalParadox.HandlebarsCli.Tests.csproj", "{E2851E28-600B-46D8-A924-EA1C6FDEC0D1}"
EndProject
Project("{FAE04EC0-301F-11D3-BF4B-00C04F79EFBC}") = "DigitalParadox.HandlebarsCli.Interfaces", "src\DogitalParadox.HandlebarsCli.Interfaces\DigitalParadox.HandlebarsCli.Interfaces.csproj", "{10B69E1F-DC8A-4A11-BBB9-85FE97C22D8D}"
EndProject
Project("{FAE04EC0-301F-11D3-BF4B-00C04F79EFBC}") = "DigitalParadox.HandlebarsCli.Services.HandlebarsTemplateProcessor", "DigitalParadox.HandlebarsCli.Services.HandlebarsTemplateProcessor\DigitalParadox.HandlebarsCli.Services.HandlebarsTemplateProcessor.csproj", "{AA472B29-96FF-47EA-9DEC-04C90406FF3A}"
EndProject
Project("{FAE04EC0-301F-11D3-BF4B-00C04F79EFBC}") = "DigitalParadox.Logging.Serilog", "DigitalParadox.Logging.Serilog\DigitalParadox.Logging.Serilog.csproj", "{E393BFD5-F3A9-49FA-B229-0D4D214F3469}"
EndProject
Project("{FAE04EC0-301F-11D3-BF4B-00C04F79EFBC}") = "DigitalParadox.Parsers.Yaml", "DigitalParadox.Parsers.Yaml\DigitalParadox.Parsers.Yaml.csproj", "{A1FA7213-A1D9-4E43-B878-4E58F54C342F}"
EndProject
Project("{FAE04EC0-301F-11D3-BF4B-00C04F79EFBC}") = "DigitalParadox.Parsing.CommandLineParser", "DigitalParadox.Parsing.CommandLine\DigitalParadox.Parsing.CommandLineParser.csproj", "{372E4C9D-F12A-487C-8735-FEF00AFC6A5D}"
EndProject
Project("{FAE04EC0-301F-11D3-BF4B-00C04F79EFBC}") = "DigitalParadox.Utilities.AssemblyLoader", "DigitalParadox.Utilities.AssemblyLoader\DigitalParadox.Utilities.AssemblyLoader.csproj", "{E857A0B0-5082-4483-A975-289C5699F352}"
EndProject
Global
	GlobalSection(SolutionConfigurationPlatforms) = preSolution
		Debug|Any CPU = Debug|Any CPU
		DefaultBuild|Any CPU = DefaultBuild|Any CPU
		Release|Any CPU = Release|Any CPU
	EndGlobalSection
	GlobalSection(ProjectConfigurationPlatforms) = postSolution
		{C51224A7-5529-4276-A154-BA088D0E8ABD}.Debug|Any CPU.ActiveCfg = Debug|Any CPU
		{C51224A7-5529-4276-A154-BA088D0E8ABD}.Debug|Any CPU.Build.0 = Debug|Any CPU
		{C51224A7-5529-4276-A154-BA088D0E8ABD}.DefaultBuild|Any CPU.ActiveCfg = Debug|Any CPU
		{C51224A7-5529-4276-A154-BA088D0E8ABD}.DefaultBuild|Any CPU.Build.0 = Debug|Any CPU
		{C51224A7-5529-4276-A154-BA088D0E8ABD}.Release|Any CPU.ActiveCfg = Release|Any CPU
		{C51224A7-5529-4276-A154-BA088D0E8ABD}.Release|Any CPU.Build.0 = Release|Any CPU
		{14903B7E-0817-4FCF-9F98-A69425D95A35}.Debug|Any CPU.ActiveCfg = Debug|Any CPU
		{14903B7E-0817-4FCF-9F98-A69425D95A35}.Debug|Any CPU.Build.0 = Debug|Any CPU
		{14903B7E-0817-4FCF-9F98-A69425D95A35}.DefaultBuild|Any CPU.ActiveCfg = Debug|Any CPU
		{14903B7E-0817-4FCF-9F98-A69425D95A35}.DefaultBuild|Any CPU.Build.0 = Debug|Any CPU
		{14903B7E-0817-4FCF-9F98-A69425D95A35}.Release|Any CPU.ActiveCfg = Release|Any CPU
		{14903B7E-0817-4FCF-9F98-A69425D95A35}.Release|Any CPU.Build.0 = Release|Any CPU
		{E2851E28-600B-46D8-A924-EA1C6FDEC0D1}.Debug|Any CPU.ActiveCfg = Debug|Any CPU
		{E2851E28-600B-46D8-A924-EA1C6FDEC0D1}.DefaultBuild|Any CPU.ActiveCfg = Debug|Any CPU
		{E2851E28-600B-46D8-A924-EA1C6FDEC0D1}.DefaultBuild|Any CPU.Build.0 = Debug|Any CPU
		{E2851E28-600B-46D8-A924-EA1C6FDEC0D1}.Release|Any CPU.ActiveCfg = Release|Any CPU
		{E2851E28-600B-46D8-A924-EA1C6FDEC0D1}.Release|Any CPU.Build.0 = Release|Any CPU
		{10B69E1F-DC8A-4A11-BBB9-85FE97C22D8D}.Debug|Any CPU.ActiveCfg = Debug|Any CPU
		{10B69E1F-DC8A-4A11-BBB9-85FE97C22D8D}.Debug|Any CPU.Build.0 = Debug|Any CPU
		{10B69E1F-DC8A-4A11-BBB9-85FE97C22D8D}.DefaultBuild|Any CPU.ActiveCfg = Debug|Any CPU
		{10B69E1F-DC8A-4A11-BBB9-85FE97C22D8D}.DefaultBuild|Any CPU.Build.0 = Debug|Any CPU
		{10B69E1F-DC8A-4A11-BBB9-85FE97C22D8D}.Release|Any CPU.ActiveCfg = Release|Any CPU
		{10B69E1F-DC8A-4A11-BBB9-85FE97C22D8D}.Release|Any CPU.Build.0 = Release|Any CPU
		{AA472B29-96FF-47EA-9DEC-04C90406FF3A}.Debug|Any CPU.ActiveCfg = Debug|Any CPU
		{AA472B29-96FF-47EA-9DEC-04C90406FF3A}.Debug|Any CPU.Build.0 = Debug|Any CPU
		{AA472B29-96FF-47EA-9DEC-04C90406FF3A}.DefaultBuild|Any CPU.ActiveCfg = Debug|Any CPU
		{AA472B29-96FF-47EA-9DEC-04C90406FF3A}.DefaultBuild|Any CPU.Build.0 = Debug|Any CPU
		{AA472B29-96FF-47EA-9DEC-04C90406FF3A}.Release|Any CPU.ActiveCfg = Release|Any CPU
		{AA472B29-96FF-47EA-9DEC-04C90406FF3A}.Release|Any CPU.Build.0 = Release|Any CPU
		{E393BFD5-F3A9-49FA-B229-0D4D214F3469}.Debug|Any CPU.ActiveCfg = Debug|Any CPU
		{E393BFD5-F3A9-49FA-B229-0D4D214F3469}.Debug|Any CPU.Build.0 = Debug|Any CPU
		{E393BFD5-F3A9-49FA-B229-0D4D214F3469}.DefaultBuild|Any CPU.ActiveCfg = Debug|Any CPU
		{E393BFD5-F3A9-49FA-B229-0D4D214F3469}.DefaultBuild|Any CPU.Build.0 = Debug|Any CPU
		{E393BFD5-F3A9-49FA-B229-0D4D214F3469}.Release|Any CPU.ActiveCfg = Release|Any CPU
		{E393BFD5-F3A9-49FA-B229-0D4D214F3469}.Release|Any CPU.Build.0 = Release|Any CPU
		{A1FA7213-A1D9-4E43-B878-4E58F54C342F}.Debug|Any CPU.ActiveCfg = Debug|Any CPU
		{A1FA7213-A1D9-4E43-B878-4E58F54C342F}.Debug|Any CPU.Build.0 = Debug|Any CPU
		{A1FA7213-A1D9-4E43-B878-4E58F54C342F}.DefaultBuild|Any CPU.ActiveCfg = Debug|Any CPU
		{A1FA7213-A1D9-4E43-B878-4E58F54C342F}.DefaultBuild|Any CPU.Build.0 = Debug|Any CPU
		{A1FA7213-A1D9-4E43-B878-4E58F54C342F}.Release|Any CPU.ActiveCfg = Release|Any CPU
		{A1FA7213-A1D9-4E43-B878-4E58F54C342F}.Release|Any CPU.Build.0 = Release|Any CPU
		{372E4C9D-F12A-487C-8735-FEF00AFC6A5D}.Debug|Any CPU.ActiveCfg = Debug|Any CPU
		{372E4C9D-F12A-487C-8735-FEF00AFC6A5D}.Debug|Any CPU.Build.0 = Debug|Any CPU
		{372E4C9D-F12A-487C-8735-FEF00AFC6A5D}.DefaultBuild|Any CPU.ActiveCfg = Debug|Any CPU
		{372E4C9D-F12A-487C-8735-FEF00AFC6A5D}.DefaultBuild|Any CPU.Build.0 = Debug|Any CPU
		{372E4C9D-F12A-487C-8735-FEF00AFC6A5D}.Release|Any CPU.ActiveCfg = Release|Any CPU
		{372E4C9D-F12A-487C-8735-FEF00AFC6A5D}.Release|Any CPU.Build.0 = Release|Any CPU
		{E857A0B0-5082-4483-A975-289C5699F352}.Debug|Any CPU.ActiveCfg = Debug|Any CPU
		{E857A0B0-5082-4483-A975-289C5699F352}.Debug|Any CPU.Build.0 = Debug|Any CPU
		{E857A0B0-5082-4483-A975-289C5699F352}.DefaultBuild|Any CPU.ActiveCfg = Debug|Any CPU
		{E857A0B0-5082-4483-A975-289C5699F352}.DefaultBuild|Any CPU.Build.0 = Debug|Any CPU
		{E857A0B0-5082-4483-A975-289C5699F352}.Release|Any CPU.ActiveCfg = Release|Any CPU
		{E857A0B0-5082-4483-A975-289C5699F352}.Release|Any CPU.Build.0 = Release|Any CPU
	EndGlobalSection
	GlobalSection(SolutionProperties) = preSolution
		HideSolutionNode = FALSE
	EndGlobalSection
EndGlobal
