Microsoft Visual Studio Solution File, Format Version 12.00
# Visual Studio 15
VisualStudioVersion = 15.0.26730.3
MinimumVisualStudioVersion = 15.0.26124.0
Project("{2150E333-8FDC-42A3-9474-1A3956D46DE8}") = "src", "src", "{10FE3D47-3993-481A-A31A-AA79D24C8641}"
EndProject
Project("{9A19103F-16F7-4668-BE54-9A1E7A4F7556}") = "HandleBarsCLI", "src\HandleBarsCLI\HandleBarsCLI.csproj", "{EB3D8588-E3D3-4CBA-B80C-4302CEB885CF}"
EndProject
Project("{9A19103F-16F7-4668-BE54-9A1E7A4F7556}") = "HandlebarsCli.Plugins", "src\HandlebarsCli.Plugins\HandlebarsCli.Plugins.csproj", "{263CA664-E653-4131-A4FC-14B96FBD19A4}"
EndProject
Project("{9A19103F-16F7-4668-BE54-9A1E7A4F7556}") = "HandlebarsCli.Tests", "src\HandlebarsCli.Tests\HandlebarsCli.Tests.csproj", "{7BFD92D0-DE63-4363-AAA4-74462D1B7181}"
EndProject
Project("{9A19103F-16F7-4668-BE54-9A1E7A4F7556}") = "Parsers.CommandLine", "src\Parsers.CommandLine\Parsers.CommandLine.csproj", "{85FFB50B-5587-4E53-8F2B-8A45FBE8877E}"
EndProject
Project("{9A19103F-16F7-4668-BE54-9A1E7A4F7556}") = "HandlebarsCli.HandlebarsTemplateProcessor", "src\HandlebarsCli.HandlebarsTemplateProcessor\HandlebarsCli.HandlebarsTemplateProcessor.csproj", "{B648A650-ABE6-44D6-8C47-29DAC9811C9E}"
EndProject
Global
	GlobalSection(SolutionConfigurationPlatforms) = preSolution
		Debug|Any CPU = Debug|Any CPU
		Debug|x64 = Debug|x64
		Debug|x86 = Debug|x86
		Release|Any CPU = Release|Any CPU
		Release|x64 = Release|x64
		Release|x86 = Release|x86
	EndGlobalSection
	GlobalSection(ProjectConfigurationPlatforms) = postSolution
		{EB3D8588-E3D3-4CBA-B80C-4302CEB885CF}.Debug|Any CPU.ActiveCfg = Debug|Any CPU
		{EB3D8588-E3D3-4CBA-B80C-4302CEB885CF}.Debug|Any CPU.Build.0 = Debug|Any CPU
		{EB3D8588-E3D3-4CBA-B80C-4302CEB885CF}.Debug|x64.ActiveCfg = Debug|Any CPU
		{EB3D8588-E3D3-4CBA-B80C-4302CEB885CF}.Debug|x64.Build.0 = Debug|Any CPU
		{EB3D8588-E3D3-4CBA-B80C-4302CEB885CF}.Debug|x86.ActiveCfg = Debug|Any CPU
		{EB3D8588-E3D3-4CBA-B80C-4302CEB885CF}.Debug|x86.Build.0 = Debug|Any CPU
		{EB3D8588-E3D3-4CBA-B80C-4302CEB885CF}.Release|Any CPU.ActiveCfg = Release|Any CPU
		{EB3D8588-E3D3-4CBA-B80C-4302CEB885CF}.Release|Any CPU.Build.0 = Release|Any CPU
		{EB3D8588-E3D3-4CBA-B80C-4302CEB885CF}.Release|x64.ActiveCfg = Release|Any CPU
		{EB3D8588-E3D3-4CBA-B80C-4302CEB885CF}.Release|x64.Build.0 = Release|Any CPU
		{EB3D8588-E3D3-4CBA-B80C-4302CEB885CF}.Release|x86.ActiveCfg = Release|Any CPU
		{EB3D8588-E3D3-4CBA-B80C-4302CEB885CF}.Release|x86.Build.0 = Release|Any CPU
		{263CA664-E653-4131-A4FC-14B96FBD19A4}.Debug|Any CPU.ActiveCfg = Debug|Any CPU
		{263CA664-E653-4131-A4FC-14B96FBD19A4}.Debug|Any CPU.Build.0 = Debug|Any CPU
		{263CA664-E653-4131-A4FC-14B96FBD19A4}.Debug|x64.ActiveCfg = Debug|Any CPU
		{263CA664-E653-4131-A4FC-14B96FBD19A4}.Debug|x64.Build.0 = Debug|Any CPU
		{263CA664-E653-4131-A4FC-14B96FBD19A4}.Debug|x86.ActiveCfg = Debug|Any CPU
		{263CA664-E653-4131-A4FC-14B96FBD19A4}.Debug|x86.Build.0 = Debug|Any CPU
		{263CA664-E653-4131-A4FC-14B96FBD19A4}.Release|Any CPU.ActiveCfg = Release|Any CPU
		{263CA664-E653-4131-A4FC-14B96FBD19A4}.Release|Any CPU.Build.0 = Release|Any CPU
		{263CA664-E653-4131-A4FC-14B96FBD19A4}.Release|x64.ActiveCfg = Release|Any CPU
		{263CA664-E653-4131-A4FC-14B96FBD19A4}.Release|x64.Build.0 = Release|Any CPU
		{263CA664-E653-4131-A4FC-14B96FBD19A4}.Release|x86.ActiveCfg = Release|Any CPU
		{263CA664-E653-4131-A4FC-14B96FBD19A4}.Release|x86.Build.0 = Release|Any CPU
		{7BFD92D0-DE63-4363-AAA4-74462D1B7181}.Debug|Any CPU.ActiveCfg = Debug|Any CPU
		{7BFD92D0-DE63-4363-AAA4-74462D1B7181}.Debug|Any CPU.Build.0 = Debug|Any CPU
		{7BFD92D0-DE63-4363-AAA4-74462D1B7181}.Debug|x64.ActiveCfg = Debug|Any CPU
		{7BFD92D0-DE63-4363-AAA4-74462D1B7181}.Debug|x64.Build.0 = Debug|Any CPU
		{7BFD92D0-DE63-4363-AAA4-74462D1B7181}.Debug|x86.ActiveCfg = Debug|Any CPU
		{7BFD92D0-DE63-4363-AAA4-74462D1B7181}.Debug|x86.Build.0 = Debug|Any CPU
		{7BFD92D0-DE63-4363-AAA4-74462D1B7181}.Release|Any CPU.ActiveCfg = Release|Any CPU
		{7BFD92D0-DE63-4363-AAA4-74462D1B7181}.Release|Any CPU.Build.0 = Release|Any CPU
		{7BFD92D0-DE63-4363-AAA4-74462D1B7181}.Release|x64.ActiveCfg = Release|Any CPU
		{7BFD92D0-DE63-4363-AAA4-74462D1B7181}.Release|x64.Build.0 = Release|Any CPU
		{7BFD92D0-DE63-4363-AAA4-74462D1B7181}.Release|x86.ActiveCfg = Release|Any CPU
		{7BFD92D0-DE63-4363-AAA4-74462D1B7181}.Release|x86.Build.0 = Release|Any CPU
		{85FFB50B-5587-4E53-8F2B-8A45FBE8877E}.Debug|Any CPU.ActiveCfg = Debug|Any CPU
		{85FFB50B-5587-4E53-8F2B-8A45FBE8877E}.Debug|Any CPU.Build.0 = Debug|Any CPU
		{85FFB50B-5587-4E53-8F2B-8A45FBE8877E}.Debug|x64.ActiveCfg = Debug|Any CPU
		{85FFB50B-5587-4E53-8F2B-8A45FBE8877E}.Debug|x64.Build.0 = Debug|Any CPU
		{85FFB50B-5587-4E53-8F2B-8A45FBE8877E}.Debug|x86.ActiveCfg = Debug|Any CPU
		{85FFB50B-5587-4E53-8F2B-8A45FBE8877E}.Debug|x86.Build.0 = Debug|Any CPU
		{85FFB50B-5587-4E53-8F2B-8A45FBE8877E}.Release|Any CPU.ActiveCfg = Release|Any CPU
		{85FFB50B-5587-4E53-8F2B-8A45FBE8877E}.Release|Any CPU.Build.0 = Release|Any CPU
		{85FFB50B-5587-4E53-8F2B-8A45FBE8877E}.Release|x64.ActiveCfg = Release|Any CPU
		{85FFB50B-5587-4E53-8F2B-8A45FBE8877E}.Release|x64.Build.0 = Release|Any CPU
		{85FFB50B-5587-4E53-8F2B-8A45FBE8877E}.Release|x86.ActiveCfg = Release|Any CPU
		{85FFB50B-5587-4E53-8F2B-8A45FBE8877E}.Release|x86.Build.0 = Release|Any CPU
		{B648A650-ABE6-44D6-8C47-29DAC9811C9E}.Debug|Any CPU.ActiveCfg = Debug|Any CPU
		{B648A650-ABE6-44D6-8C47-29DAC9811C9E}.Debug|Any CPU.Build.0 = Debug|Any CPU
		{B648A650-ABE6-44D6-8C47-29DAC9811C9E}.Debug|x64.ActiveCfg = Debug|Any CPU
		{B648A650-ABE6-44D6-8C47-29DAC9811C9E}.Debug|x64.Build.0 = Debug|Any CPU
		{B648A650-ABE6-44D6-8C47-29DAC9811C9E}.Debug|x86.ActiveCfg = Debug|Any CPU
		{B648A650-ABE6-44D6-8C47-29DAC9811C9E}.Debug|x86.Build.0 = Debug|Any CPU
		{B648A650-ABE6-44D6-8C47-29DAC9811C9E}.Release|Any CPU.ActiveCfg = Release|Any CPU
		{B648A650-ABE6-44D6-8C47-29DAC9811C9E}.Release|Any CPU.Build.0 = Release|Any CPU
		{B648A650-ABE6-44D6-8C47-29DAC9811C9E}.Release|x64.ActiveCfg = Release|Any CPU
		{B648A650-ABE6-44D6-8C47-29DAC9811C9E}.Release|x64.Build.0 = Release|Any CPU
		{B648A650-ABE6-44D6-8C47-29DAC9811C9E}.Release|x86.ActiveCfg = Release|Any CPU
		{B648A650-ABE6-44D6-8C47-29DAC9811C9E}.Release|x86.Build.0 = Release|Any CPU
	EndGlobalSection
	GlobalSection(SolutionProperties) = preSolution
		HideSolutionNode = FALSE
	EndGlobalSection
	GlobalSection(NestedProjects) = preSolution
		{EB3D8588-E3D3-4CBA-B80C-4302CEB885CF} = {10FE3D47-3993-481A-A31A-AA79D24C8641}
		{263CA664-E653-4131-A4FC-14B96FBD19A4} = {10FE3D47-3993-481A-A31A-AA79D24C8641}
		{7BFD92D0-DE63-4363-AAA4-74462D1B7181} = {10FE3D47-3993-481A-A31A-AA79D24C8641}
		{85FFB50B-5587-4E53-8F2B-8A45FBE8877E} = {10FE3D47-3993-481A-A31A-AA79D24C8641}
		{B648A650-ABE6-44D6-8C47-29DAC9811C9E} = {10FE3D47-3993-481A-A31A-AA79D24C8641}
	EndGlobalSection
	GlobalSection(ExtensibilityGlobals) = postSolution
		SolutionGuid = {A5521E5F-CF18-4D18-A313-4C2B30CC0C10}
	EndGlobalSection
EndGlobal
